{
  "name": "nano-minimal",
  "version": "0.0.0",
  "lockfileVersion": 3,
  "requires": true,
  "packages": {
    "": {
      "name": "nano-minimal",
      "version": "0.0.0",
      "dependencies": {
        "nano-jsx": "^0.1.0"
      },
      "devDependencies": {
        "typescript": "^5.3.3"
      }
    },
    "node_modules/nano-jsx": {
      "version": "0.1.0",
      "resolved": "https://registry.npmjs.org/nano-jsx/-/nano-jsx-0.1.0.tgz",
      "integrity": "sha512-S4qJM9ayruMdDnn3hiHNK6kq0ZvCaNrDL3RD5jc4AVhmsW1Ufk3xE64Q6xrjAzq1Gff+6VZ5+Au8For4FT/6LA==",
      "engines": {
        "node": ">=16"
      },
      "funding": {
        "url": "https://github.com/sponsors/yandeu"
      }
    },
    "node_modules/typescript": {
      "version": "5.3.3",
      "resolved": "https://registry.npmjs.org/typescript/-/typescript-5.3.3.tgz",
      "integrity": "sha512-pXWcraxM0uxAS+tN0AG/BF2TyqmHO014Z070UsJ+pFvYuRSq8KH8DmWpnbXe0pEPDHXZV3FcAbJkijJ5oNEnWw==",
      "dev": true,
      "bin": {
        "tsc": "bin/tsc",
        "tsserver": "bin/tsserver"
      },
      "engines": {
        "node": ">=14.17"
      }
    }
  }
}
